
Microsoft Visual Studio Solution File, Format Version 12.00
# Visual Studio Version 17
VisualStudioVersion = 17.11.35312.102
MinimumVisualStudioVersion = 10.0.40219.1
Project("{FAE04EC0-301F-11D3-BF4B-00C04F79EFBC}") = "Online_Job", "Online_Job\Online_Job.csproj", "{0BC16AFF-65A4-4129-AD35-FC4117FFEE81}"
EndProject
Global
	GlobalSection(SolutionConfigurationPlatforms) = preSolution
		Debug|Any CPU = Debug|Any CPU
		Release|Any CPU = Release|Any CPU
	EndGlobalSection
	GlobalSection(ProjectConfigurationPlatforms) = postSolution
		{0BC16AFF-65A4-4129-AD35-FC4117FFEE81}.Debug|Any CPU.ActiveCfg = Debug|Any CPU
		{0BC16AFF-65A4-4129-AD35-FC4117FFEE81}.Debug|Any CPU.Build.0 = Debug|Any CPU
		{0BC16AFF-65A4-4129-AD35-FC4117FFEE81}.Release|Any CPU.ActiveCfg = Release|Any CPU
		{0BC16AFF-65A4-4129-AD35-FC4117FFEE81}.Release|Any CPU.Build.0 = Release|Any CPU
	EndGlobalSection
	GlobalSection(SolutionProperties) = preSolution
		HideSolutionNode = FALSE
	EndGlobalSection
	GlobalSection(ExtensibilityGlobals) = postSolution
		SolutionGuid = {1DE9627C-9C66-4095-9893-6AA724757160}
	EndGlobalSection
EndGlobal
